
Microsoft Visual Studio Solution File, Format Version 12.00
# Visual Studio Version 17
VisualStudioVersion = 17.11.35327.3
MinimumVisualStudioVersion = 10.0.40219.1
Project("{FAE04EC0-301F-11D3-BF4B-00C04F79EFBC}") = "CRUD Operation", "CRUD Operation\CRUD Operation.csproj", "{3C11DD89-5EEB-4401-9A82-241DBEC00AF0}"
EndProject
Global
	GlobalSection(SolutionConfigurationPlatforms) = preSolution
		Debug|Any CPU = Debug|Any CPU
		Release|Any CPU = Release|Any CPU
	EndGlobalSection
	GlobalSection(ProjectConfigurationPlatforms) = postSolution
		{3C11DD89-5EEB-4401-9A82-241DBEC00AF0}.Debug|Any CPU.ActiveCfg = Debug|Any CPU
		{3C11DD89-5EEB-4401-9A82-241DBEC00AF0}.Debug|Any CPU.Build.0 = Debug|Any CPU
		{3C11DD89-5EEB-4401-9A82-241DBEC00AF0}.Release|Any CPU.ActiveCfg = Release|Any CPU
		{3C11DD89-5EEB-4401-9A82-241DBEC00AF0}.Release|Any CPU.Build.0 = Release|Any CPU
	EndGlobalSection
	GlobalSection(SolutionProperties) = preSolution
		HideSolutionNode = FALSE
	EndGlobalSection
	GlobalSection(ExtensibilityGlobals) = postSolution
		SolutionGuid = {1EEB0065-5CC3-43B1-A1AA-5AC802D0EAF0}
	EndGlobalSection
EndGlobal
